
Microsoft Visual Studio Solution File, Format Version 12.00
# Visual Studio Version 17
VisualStudioVersion = 17.8.34330.188
MinimumVisualStudioVersion = 10.0.40219.1
Project("{FAE04EC0-301F-11D3-BF4B-00C04F79EFBC}") = "CyberBiology", "CyberBiology\CyberBiology.csproj", "{1ACAF1E6-BC67-43A1-BF21-3DD08BC3865F}"
EndProject
Global
	GlobalSection(SolutionConfigurationPlatforms) = preSolution
		Debug|Any CPU = Debug|Any CPU
		Release|Any CPU = Release|Any CPU
	EndGlobalSection
	GlobalSection(ProjectConfigurationPlatforms) = postSolution
		{1ACAF1E6-BC67-43A1-BF21-3DD08BC3865F}.Debug|Any CPU.ActiveCfg = Debug|Any CPU
		{1ACAF1E6-BC67-43A1-BF21-3DD08BC3865F}.Debug|Any CPU.Build.0 = Debug|Any CPU
		{1ACAF1E6-BC67-43A1-BF21-3DD08BC3865F}.Release|Any CPU.ActiveCfg = Release|Any CPU
		{1ACAF1E6-BC67-43A1-BF21-3DD08BC3865F}.Release|Any CPU.Build.0 = Release|Any CPU
	EndGlobalSection
	GlobalSection(SolutionProperties) = preSolution
		HideSolutionNode = FALSE
	EndGlobalSection
	GlobalSection(ExtensibilityGlobals) = postSolution
		SolutionGuid = {F65C63A8-2BEC-4DBB-A04D-53E06EBE40BC}
	EndGlobalSection
EndGlobal
